// !$*UTF8*$!
{
	archiveVersion = 1;
	classes = {
	};
	objectVersion = 50;
	objects = {

/* Begin PBXBuildFile section */
		CF47367423F24F9000AA04E4 /* AppDelegate.swift in Sources */ = {isa = PBXBuildFile; fileRef = CF47367323F24F9000AA04E4 /* AppDelegate.swift */; };
		CF47367623F24F9100AA04E4 /* SceneDelegate.swift in Sources */ = {isa = PBXBuildFile; fileRef = CF47367523F24F9100AA04E4 /* SceneDelegate.swift */; };
		CF47367823F24F9100AA04E4 /* ViewController.swift in Sources */ = {isa = PBXBuildFile; fileRef = CF47367723F24F9100AA04E4 /* ViewController.swift */; };
		CF47367B23F24F9100AA04E4 /* Main.storyboard in Resources */ = {isa = PBXBuildFile; fileRef = CF47367923F24F9100AA04E4 /* Main.storyboard */; };
		CF47367D23F24F9100AA04E4 /* Assets.xcassets in Resources */ = {isa = PBXBuildFile; fileRef = CF47367C23F24F9100AA04E4 /* Assets.xcassets */; };
		CF47368023F24F9200AA04E4 /* LaunchScreen.storyboard in Resources */ = {isa = PBXBuildFile; fileRef = CF47367E23F24F9200AA04E4 /* LaunchScreen.storyboard */; };
		CF47368923F2541D00AA04E4 /* ViewController.swift in Sources */ = {isa = PBXBuildFile; fileRef = CF47367723F24F9100AA04E4 /* ViewController.swift */; };
		CF47368A23F2541D00AA04E4 /* AppDelegate.swift in Sources */ = {isa = PBXBuildFile; fileRef = CF47367323F24F9000AA04E4 /* AppDelegate.swift */; };
		CF47368B23F2541D00AA04E4 /* SceneDelegate.swift in Sources */ = {isa = PBXBuildFile; fileRef = CF47367523F24F9100AA04E4 /* SceneDelegate.swift */; };
		CF47368E23F2541D00AA04E4 /* LaunchScreen.storyboard in Resources */ = {isa = PBXBuildFile; fileRef = CF47367E23F24F9200AA04E4 /* LaunchScreen.storyboard */; };
		CF47368F23F2541D00AA04E4 /* Assets.xcassets in Resources */ = {isa = PBXBuildFile; fileRef = CF47367C23F24F9100AA04E4 /* Assets.xcassets */; };
		CF47369023F2541D00AA04E4 /* Main.storyboard in Resources */ = {isa = PBXBuildFile; fileRef = CF47367923F24F9100AA04E4 /* Main.storyboard */; };
		CF47369823F2547A00AA04E4 /* MapKit.framework in Frameworks */ = {isa = PBXBuildFile; fileRef = CF47369723F2547A00AA04E4 /* MapKit.framework */; };
		CF6A5D9023F7A763003ADCC7 /* Transactions.storyboard in Resources */ = {isa = PBXBuildFile; fileRef = CF6A5D8F23F7A763003ADCC7 /* Transactions.storyboard */; };
		CF6A5D9423F7A9D0003ADCC7 /* Statistics.storyboard in Resources */ = {isa = PBXBuildFile; fileRef = CF6A5D9323F7A9D0003ADCC7 /* Statistics.storyboard */; };
		CF6A5D9923F7AA38003ADCC7 /* Add.storyboard in Resources */ = {isa = PBXBuildFile; fileRef = CF6A5D9823F7AA38003ADCC7 /* Add.storyboard */; };
		CF6A5D9C23F7AA62003ADCC7 /* Profile.storyboard in Resources */ = {isa = PBXBuildFile; fileRef = CF6A5D9A23F7AA62003ADCC7 /* Profile.storyboard */; };
		CF6A5DA423F7ADFB003ADCC7 /* Budget.storyboard in Resources */ = {isa = PBXBuildFile; fileRef = CF6A5DA323F7ADFB003ADCC7 /* Budget.storyboard */; };
		CF6A5DA623F7AF66003ADCC7 /* Signin.storyboard in Resources */ = {isa = PBXBuildFile; fileRef = CF6A5DA523F7AF66003ADCC7 /* Signin.storyboard */; };
		CFA7936723FE2E7D0023365B /* OnBoarding.storyboard in Resources */ = {isa = PBXBuildFile; fileRef = CFA7936623FE2E7D0023365B /* OnBoarding.storyboard */; };
		CFA892D323FCD8EC0089CF9B /* Colors.xcassets in Resources */ = {isa = PBXBuildFile; fileRef = CFA892D223FCD8EC0089CF9B /* Colors.xcassets */; };
		CFA892D523FCDFAA0089CF9B /* Default-568h@2x.png in Resources */ = {isa = PBXBuildFile; fileRef = CFA892D423FCDFAA0089CF9B /* Default-568h@2x.png */; };
		CFA892D823FCE7140089CF9B /* Shadow.swift in Sources */ = {isa = PBXBuildFile; fileRef = CFA892D723FCE7140089CF9B /* Shadow.swift */; };
/* End PBXBuildFile section */

/* Begin PBXFileReference section */
		CF47367023F24F9000AA04E4 /* PlatziFinanzas.app */ = {isa = PBXFileReference; explicitFileType = wrapper.application; includeInIndex = 0; path = PlatziFinanzas.app; sourceTree = BUILT_PRODUCTS_DIR; };
		CF47367323F24F9000AA04E4 /* AppDelegate.swift */ = {isa = PBXFileReference; lastKnownFileType = sourcecode.swift; path = AppDelegate.swift; sourceTree = "<group>"; };
		CF47367523F24F9100AA04E4 /* SceneDelegate.swift */ = {isa = PBXFileReference; lastKnownFileType = sourcecode.swift; path = SceneDelegate.swift; sourceTree = "<group>"; };
		CF47367723F24F9100AA04E4 /* ViewController.swift */ = {isa = PBXFileReference; lastKnownFileType = sourcecode.swift; path = ViewController.swift; sourceTree = "<group>"; };
		CF47367A23F24F9100AA04E4 /* Base */ = {isa = PBXFileReference; lastKnownFileType = file.storyboard; name = Base; path = Base.lproj/Main.storyboard; sourceTree = "<group>"; };
		CF47367C23F24F9100AA04E4 /* Assets.xcassets */ = {isa = PBXFileReference; lastKnownFileType = folder.assetcatalog; path = Assets.xcassets; sourceTree = "<group>"; };
		CF47367F23F24F9200AA04E4 /* Base */ = {isa = PBXFileReference; lastKnownFileType = file.storyboard; name = Base; path = Base.lproj/LaunchScreen.storyboard; sourceTree = "<group>"; };
		CF47368123F24F9200AA04E4 /* Info.plist */ = {isa = PBXFileReference; lastKnownFileType = text.plist.xml; path = Info.plist; sourceTree = "<group>"; };
		CF47369423F2541D00AA04E4 /* Production.app */ = {isa = PBXFileReference; explicitFileType = wrapper.application; includeInIndex = 0; path = Production.app; sourceTree = BUILT_PRODUCTS_DIR; };
		CF47369523F2541D00AA04E4 /* Production.plist */ = {isa = PBXFileReference; lastKnownFileType = text.plist.xml; name = Production.plist; path = /Users/jjcueto/Documents/IOSApps/PlatziFinanzas/Production.plist; sourceTree = "<absolute>"; };
		CF47369723F2547A00AA04E4 /* MapKit.framework */ = {isa = PBXFileReference; lastKnownFileType = wrapper.framework; name = MapKit.framework; path = System/Library/Frameworks/MapKit.framework; sourceTree = SDKROOT; };
		CF6A5D8F23F7A763003ADCC7 /* Transactions.storyboard */ = {isa = PBXFileReference; fileEncoding = 4; lastKnownFileType = file.storyboard; name = Transactions.storyboard; path = ../Statistics/Transactions.storyboard; sourceTree = "<group>"; };
		CF6A5D9323F7A9D0003ADCC7 /* Statistics.storyboard */ = {isa = PBXFileReference; fileEncoding = 4; lastKnownFileType = file.storyboard; path = Statistics.storyboard; sourceTree = "<group>"; };
		CF6A5D9823F7AA38003ADCC7 /* Add.storyboard */ = {isa = PBXFileReference; fileEncoding = 4; lastKnownFileType = file.storyboard; path = Add.storyboard; sourceTree = "<group>"; };
		CF6A5D9B23F7AA62003ADCC7 /* Base */ = {isa = PBXFileReference; lastKnownFileType = file.storyboard; name = Base; path = PlatziFinanzas/Aplication/Main/Main/Base.lproj/Profile.storyboard; sourceTree = "<group>"; };
		CF6A5DA323F7ADFB003ADCC7 /* Budget.storyboard */ = {isa = PBXFileReference; fileEncoding = 4; lastKnownFileType = file.storyboard; path = Budget.storyboard; sourceTree = "<group>"; };
		CF6A5DA523F7AF66003ADCC7 /* Signin.storyboard */ = {isa = PBXFileReference; lastKnownFileType = file.storyboard; path = Signin.storyboard; sourceTree = "<group>"; };
		CFA7936623FE2E7D0023365B /* OnBoarding.storyboard */ = {isa = PBXFileReference; lastKnownFileType = file.storyboard; path = OnBoarding.storyboard; sourceTree = "<group>"; };
		CFA892D223FCD8EC0089CF9B /* Colors.xcassets */ = {isa = PBXFileReference; lastKnownFileType = folder.assetcatalog; path = Colors.xcassets; sourceTree = "<group>"; };
		CFA892D423FCDFAA0089CF9B /* Default-568h@2x.png */ = {isa = PBXFileReference; lastKnownFileType = image.png; path = "Default-568h@2x.png"; sourceTree = "<group>"; };
		CFA892D723FCE7140089CF9B /* Shadow.swift */ = {isa = PBXFileReference; lastKnownFileType = sourcecode.swift; path = Shadow.swift; sourceTree = "<group>"; };
/* End PBXFileReference section */

/* Begin PBXFrameworksBuildPhase section */
		CF47366D23F24F9000AA04E4 /* Frameworks */ = {
			isa = PBXFrameworksBuildPhase;
			buildActionMask = 2147483647;
			files = (
			);
			runOnlyForDeploymentPostprocessing = 0;
		};
		CF47368C23F2541D00AA04E4 /* Frameworks */ = {
			isa = PBXFrameworksBuildPhase;
			buildActionMask = 2147483647;
			files = (
				CF47369823F2547A00AA04E4 /* MapKit.framework in Frameworks */,
			);
			runOnlyForDeploymentPostprocessing = 0;
		};
/* End PBXFrameworksBuildPhase section */

/* Begin PBXGroup section */
		CF47366723F24F9000AA04E4 = {
			isa = PBXGroup;
			children = (
				CFA892D423FCDFAA0089CF9B /* Default-568h@2x.png */,
				CF47367223F24F9000AA04E4 /* PlatziFinanzas */,
				CF47367123F24F9000AA04E4 /* Products */,
				CF47369623F2547A00AA04E4 /* Frameworks */,
			);
			sourceTree = "<group>";
		};
		CF47367123F24F9000AA04E4 /* Products */ = {
			isa = PBXGroup;
			children = (
				CF47367023F24F9000AA04E4 /* PlatziFinanzas.app */,
				CF47369423F2541D00AA04E4 /* Production.app */,
			);
			name = Products;
			sourceTree = "<group>";
		};
		CF47367223F24F9000AA04E4 /* PlatziFinanzas */ = {
			isa = PBXGroup;
			children = (
				CFA892D623FCE6C50089CF9B /* Extensions */,
				CF6A630A23F653EB007CBF17 /* Resources */,
				CF6A630923F65388007CBF17 /* Base */,
				CF6A630823F65374007CBF17 /* Aplication */,
			);
			path = PlatziFinanzas;
			sourceTree = "<group>";
		};
		CF47369623F2547A00AA04E4 /* Frameworks */ = {
			isa = PBXGroup;
			children = (
				CF47369723F2547A00AA04E4 /* MapKit.framework */,
			);
			name = Frameworks;
			sourceTree = "<group>";
		};
		CF6A5D9D23F7AB9A003ADCC7 /* Budget */ = {
			isa = PBXGroup;
			children = (
				CF6A5DA323F7ADFB003ADCC7 /* Budget.storyboard */,
			);
			path = Budget;
			sourceTree = "<group>";
		};
		CF6A5D9E23F7ABA5003ADCC7 /* Add */ = {
			isa = PBXGroup;
			children = (
				CF6A5D9823F7AA38003ADCC7 /* Add.storyboard */,
			);
			path = Add;
			sourceTree = "<group>";
		};
		CF6A5D9F23F7ABAD003ADCC7 /* Statistics */ = {
			isa = PBXGroup;
			children = (
				CF6A5D9323F7A9D0003ADCC7 /* Statistics.storyboard */,
			);
			path = Statistics;
			sourceTree = "<group>";
		};
		CF6A630823F65374007CBF17 /* Aplication */ = {
			isa = PBXGroup;
			children = (
				CF6A631023F6547E007CBF17 /* Main */,
				CF6A630F23F6546F007CBF17 /* Authentication */,
			);
			path = Aplication;
			sourceTree = "<group>";
		};
		CF6A630923F65388007CBF17 /* Base */ = {
			isa = PBXGroup;
			children = (
				CF47368123F24F9200AA04E4 /* Info.plist */,
				CF47369523F2541D00AA04E4 /* Production.plist */,
				CF47367323F24F9000AA04E4 /* AppDelegate.swift */,
				CF47367523F24F9100AA04E4 /* SceneDelegate.swift */,
				CF47367E23F24F9200AA04E4 /* LaunchScreen.storyboard */,
			);
			path = Base;
			sourceTree = "<group>";
		};
		CF6A630A23F653EB007CBF17 /* Resources */ = {
			isa = PBXGroup;
			children = (
				CFA892D123FCD8CB0089CF9B /* Colors */,
				CF6A630B23F653FB007CBF17 /* Images */,
			);
			path = Resources;
			sourceTree = "<group>";
		};
		CF6A630B23F653FB007CBF17 /* Images */ = {
			isa = PBXGroup;
			children = (
				CF47367C23F24F9100AA04E4 /* Assets.xcassets */,
			);
			path = Images;
			sourceTree = "<group>";
		};
		CF6A630F23F6546F007CBF17 /* Authentication */ = {
			isa = PBXGroup;
			children = (
				CF6A631223F65494007CBF17 /* Sign In */,
				CF6A631123F65485007CBF17 /* OnBoarding */,
			);
			path = Authentication;
			sourceTree = "<group>";
		};
		CF6A631023F6547E007CBF17 /* Main */ = {
			isa = PBXGroup;
			children = (
				CF6A5D9F23F7ABAD003ADCC7 /* Statistics */,
				CF6A5D9E23F7ABA5003ADCC7 /* Add */,
				CF6A5D9D23F7AB9A003ADCC7 /* Budget */,
				CF6A631523F654BB007CBF17 /* Main */,
				CF6A631423F654AF007CBF17 /* Profile */,
				CF6A631323F654A2007CBF17 /* Transactions */,
			);
			path = Main;
			sourceTree = "<group>";
		};
		CF6A631123F65485007CBF17 /* OnBoarding */ = {
			isa = PBXGroup;
			children = (
				CFA7936623FE2E7D0023365B /* OnBoarding.storyboard */,
			);
			path = OnBoarding;
			sourceTree = "<group>";
		};
		CF6A631223F65494007CBF17 /* Sign In */ = {
			isa = PBXGroup;
			children = (
				CF6A5DA523F7AF66003ADCC7 /* Signin.storyboard */,
			);
			path = "Sign In";
			sourceTree = "<group>";
		};
		CF6A631323F654A2007CBF17 /* Transactions */ = {
			isa = PBXGroup;
			children = (
				CF6A5D8F23F7A763003ADCC7 /* Transactions.storyboard */,
			);
			path = Transactions;
			sourceTree = "<group>";
		};
		CF6A631423F654AF007CBF17 /* Profile */ = {
			isa = PBXGroup;
			children = (
				CF6A5D9A23F7AA62003ADCC7 /* Profile.storyboard */,
			);
			path = Profile;
			sourceTree = "<group>";
		};
		CF6A631523F654BB007CBF17 /* Main */ = {
			isa = PBXGroup;
			children = (
				CF47367723F24F9100AA04E4 /* ViewController.swift */,
				CF47367923F24F9100AA04E4 /* Main.storyboard */,
			);
			path = Main;
			sourceTree = "<group>";
		};
		CFA892D123FCD8CB0089CF9B /* Colors */ = {
			isa = PBXGroup;
			children = (
				CFA892D223FCD8EC0089CF9B /* Colors.xcassets */,
			);
			path = Colors;
			sourceTree = "<group>";
		};
		CFA892D623FCE6C50089CF9B /* Extensions */ = {
			isa = PBXGroup;
			children = (
				CFA892D723FCE7140089CF9B /* Shadow.swift */,
			);
			path = Extensions;
			sourceTree = "<group>";
		};
/* End PBXGroup section */

/* Begin PBXNativeTarget section */
		CF47366F23F24F9000AA04E4 /* PlatziFinanzas */ = {
			isa = PBXNativeTarget;
			buildConfigurationList = CF47368423F24F9200AA04E4 /* Build configuration list for PBXNativeTarget "PlatziFinanzas" */;
			buildPhases = (
				CF47366C23F24F9000AA04E4 /* Sources */,
				CF47366D23F24F9000AA04E4 /* Frameworks */,
				CF47366E23F24F9000AA04E4 /* Resources */,
			);
			buildRules = (
			);
			dependencies = (
			);
			name = PlatziFinanzas;
			productName = PlatziFinanzas;
			productReference = CF47367023F24F9000AA04E4 /* PlatziFinanzas.app */;
			productType = "com.apple.product-type.application";
		};
		CF47368723F2541D00AA04E4 /* Production */ = {
			isa = PBXNativeTarget;
			buildConfigurationList = CF47369123F2541D00AA04E4 /* Build configuration list for PBXNativeTarget "Production" */;
			buildPhases = (
				CF47368823F2541D00AA04E4 /* Sources */,
				CF47368C23F2541D00AA04E4 /* Frameworks */,
				CF47368D23F2541D00AA04E4 /* Resources */,
			);
			buildRules = (
			);
			dependencies = (
			);
			name = Production;
			productName = PlatziFinanzas;
			productReference = CF47369423F2541D00AA04E4 /* Production.app */;
			productType = "com.apple.product-type.application";
		};
/* End PBXNativeTarget section */

/* Begin PBXProject section */
		CF47366823F24F9000AA04E4 /* Project object */ = {
			isa = PBXProject;
			attributes = {
				LastSwiftUpdateCheck = 1130;
				LastUpgradeCheck = 1130;
				ORGANIZATIONNAME = "José Javier Cueto Mejía";
				TargetAttributes = {
					CF47366F23F24F9000AA04E4 = {
						CreatedOnToolsVersion = 11.3.1;
					};
				};
			};
			buildConfigurationList = CF47366B23F24F9000AA04E4 /* Build configuration list for PBXProject "PlatziFinanzas" */;
			compatibilityVersion = "Xcode 9.3";
			developmentRegion = en;
			hasScannedForEncodings = 0;
			knownRegions = (
				en,
				Base,
			);
			mainGroup = CF47366723F24F9000AA04E4;
			productRefGroup = CF47367123F24F9000AA04E4 /* Products */;
			projectDirPath = "";
			projectRoot = "";
			targets = (
				CF47366F23F24F9000AA04E4 /* PlatziFinanzas */,
				CF47368723F2541D00AA04E4 /* Production */,
			);
		};
/* End PBXProject section */

/* Begin PBXResourcesBuildPhase section */
		CF47366E23F24F9000AA04E4 /* Resources */ = {
			isa = PBXResourcesBuildPhase;
			buildActionMask = 2147483647;
			files = (
				CFA7936723FE2E7D0023365B /* OnBoarding.storyboard in Resources */,
				CF47368023F24F9200AA04E4 /* LaunchScreen.storyboard in Resources */,
				CF47367D23F24F9100AA04E4 /* Assets.xcassets in Resources */,
				CF6A5D9423F7A9D0003ADCC7 /* Statistics.storyboard in Resources */,
				CF6A5DA423F7ADFB003ADCC7 /* Budget.storyboard in Resources */,
				CF47367B23F24F9100AA04E4 /* Main.storyboard in Resources */,
				CFA892D323FCD8EC0089CF9B /* Colors.xcassets in Resources */,
				CF6A5D9C23F7AA62003ADCC7 /* Profile.storyboard in Resources */,
				CF6A5DA623F7AF66003ADCC7 /* Signin.storyboard in Resources */,
				CF6A5D9923F7AA38003ADCC7 /* Add.storyboard in Resources */,
				CF6A5D9023F7A763003ADCC7 /* Transactions.storyboard in Resources */,
			);
			runOnlyForDeploymentPostprocessing = 0;
		};
		CF47368D23F2541D00AA04E4 /* Resources */ = {
			isa = PBXResourcesBuildPhase;
			buildActionMask = 2147483647;
			files = (
				CF47368E23F2541D00AA04E4 /* LaunchScreen.storyboard in Resources */,
				CFA892D523FCDFAA0089CF9B /* Default-568h@2x.png in Resources */,
				CF47368F23F2541D00AA04E4 /* Assets.xcassets in Resources */,
				CF47369023F2541D00AA04E4 /* Main.storyboard in Resources */,
			);
			runOnlyForDeploymentPostprocessing = 0;
		};
/* End PBXResourcesBuildPhase section */

/* Begin PBXSourcesBuildPhase section */
		CF47366C23F24F9000AA04E4 /* Sources */ = {
			isa = PBXSourcesBuildPhase;
			buildActionMask = 2147483647;
			files = (
				CF47367823F24F9100AA04E4 /* ViewController.swift in Sources */,
				CFA892D823FCE7140089CF9B /* Shadow.swift in Sources */,
				CF47367423F24F9000AA04E4 /* AppDelegate.swift in Sources */,
				CF47367623F24F9100AA04E4 /* SceneDelegate.swift in Sources */,
			);
			runOnlyForDeploymentPostprocessing = 0;
		};
		CF47368823F2541D00AA04E4 /* Sources */ = {
			isa = PBXSourcesBuildPhase;
			buildActionMask = 2147483647;
			files = (
				CF47368923F2541D00AA04E4 /* ViewController.swift in Sources */,
				CF47368A23F2541D00AA04E4 /* AppDelegate.swift in Sources */,
				CF47368B23F2541D00AA04E4 /* SceneDelegate.swift in Sources */,
			);
			runOnlyForDeploymentPostprocessing = 0;
		};
/* End PBXSourcesBuildPhase section */

/* Begin PBXVariantGroup section */
		CF47367923F24F9100AA04E4 /* Main.storyboard */ = {
			isa = PBXVariantGroup;
			children = (
				CF47367A23F24F9100AA04E4 /* Base */,
			);
			name = Main.storyboard;
			sourceTree = "<group>";
		};
		CF47367E23F24F9200AA04E4 /* LaunchScreen.storyboard */ = {
			isa = PBXVariantGroup;
			children = (
				CF47367F23F24F9200AA04E4 /* Base */,
			);
			name = LaunchScreen.storyboard;
			sourceTree = "<group>";
		};
		CF6A5D9A23F7AA62003ADCC7 /* Profile.storyboard */ = {
			isa = PBXVariantGroup;
			children = (
				CF6A5D9B23F7AA62003ADCC7 /* Base */,
			);
			name = Profile.storyboard;
			sourceTree = "<group>";
		};
/* End PBXVariantGroup section */

/* Begin XCBuildConfiguration section */
		CF47368223F24F9200AA04E4 /* Debug */ = {
			isa = XCBuildConfiguration;
			buildSettings = {
				ALWAYS_SEARCH_USER_PATHS = NO;
				CLANG_ANALYZER_NONNULL = YES;
				CLANG_ANALYZER_NUMBER_OBJECT_CONVERSION = YES_AGGRESSIVE;
				CLANG_CXX_LANGUAGE_STANDARD = "gnu++14";
				CLANG_CXX_LIBRARY = "libc++";
				CLANG_ENABLE_MODULES = YES;
				CLANG_ENABLE_OBJC_ARC = YES;
				CLANG_ENABLE_OBJC_WEAK = YES;
				CLANG_WARN_BLOCK_CAPTURE_AUTORELEASING = YES;
				CLANG_WARN_BOOL_CONVERSION = YES;
				CLANG_WARN_COMMA = YES;
				CLANG_WARN_CONSTANT_CONVERSION = YES;
				CLANG_WARN_DEPRECATED_OBJC_IMPLEMENTATIONS = YES;
				CLANG_WARN_DIRECT_OBJC_ISA_USAGE = YES_ERROR;
				CLANG_WARN_DOCUMENTATION_COMMENTS = YES;
				CLANG_WARN_EMPTY_BODY = YES;
				CLANG_WARN_ENUM_CONVERSION = YES;
				CLANG_WARN_INFINITE_RECURSION = YES;
				CLANG_WARN_INT_CONVERSION = YES;
				CLANG_WARN_NON_LITERAL_NULL_CONVERSION = YES;
				CLANG_WARN_OBJC_IMPLICIT_RETAIN_SELF = YES;
				CLANG_WARN_OBJC_LITERAL_CONVERSION = YES;
				CLANG_WARN_OBJC_ROOT_CLASS = YES_ERROR;
				CLANG_WARN_RANGE_LOOP_ANALYSIS = YES;
				CLANG_WARN_STRICT_PROTOTYPES = YES;
				CLANG_WARN_SUSPICIOUS_MOVE = YES;
				CLANG_WARN_UNGUARDED_AVAILABILITY = YES_AGGRESSIVE;
				CLANG_WARN_UNREACHABLE_CODE = YES;
				CLANG_WARN__DUPLICATE_METHOD_MATCH = YES;
				COPY_PHASE_STRIP = NO;
				DEBUG_INFORMATION_FORMAT = dwarf;
				ENABLE_STRICT_OBJC_MSGSEND = YES;
				ENABLE_TESTABILITY = YES;
				GCC_C_LANGUAGE_STANDARD = gnu11;
				GCC_DYNAMIC_NO_PIC = NO;
				GCC_NO_COMMON_BLOCKS = YES;
				GCC_OPTIMIZATION_LEVEL = 0;
				GCC_PREPROCESSOR_DEFINITIONS = (
					"DEBUG=1",
					"$(inherited)",
				);
				GCC_WARN_64_TO_32_BIT_CONVERSION = YES;
				GCC_WARN_ABOUT_RETURN_TYPE = YES_ERROR;
				GCC_WARN_UNDECLARED_SELECTOR = YES;
				GCC_WARN_UNINITIALIZED_AUTOS = YES_AGGRESSIVE;
				GCC_WARN_UNUSED_FUNCTION = YES;
				GCC_WARN_UNUSED_VARIABLE = YES;
				IPHONEOS_DEPLOYMENT_TARGET = 13.2;
				MTL_ENABLE_DEBUG_INFO = INCLUDE_SOURCE;
				MTL_FAST_MATH = YES;
				ONLY_ACTIVE_ARCH = YES;
				SDKROOT = iphoneos;
				SWIFT_ACTIVE_COMPILATION_CONDITIONS = DEBUG;
				SWIFT_OPTIMIZATION_LEVEL = "-Onone";
			};
			name = Debug;
		};
		CF47368323F24F9200AA04E4 /* Release */ = {
			isa = XCBuildConfiguration;
			buildSettings = {
				ALWAYS_SEARCH_USER_PATHS = NO;
				CLANG_ANALYZER_NONNULL = YES;
				CLANG_ANALYZER_NUMBER_OBJECT_CONVERSION = YES_AGGRESSIVE;
				CLANG_CXX_LANGUAGE_STANDARD = "gnu++14";
				CLANG_CXX_LIBRARY = "libc++";
				CLANG_ENABLE_MODULES = YES;
				CLANG_ENABLE_OBJC_ARC = YES;
				CLANG_ENABLE_OBJC_WEAK = YES;
				CLANG_WARN_BLOCK_CAPTURE_AUTORELEASING = YES;
				CLANG_WARN_BOOL_CONVERSION = YES;
				CLANG_WARN_COMMA = YES;
				CLANG_WARN_CONSTANT_CONVERSION = YES;
				CLANG_WARN_DEPRECATED_OBJC_IMPLEMENTATIONS = YES;
				CLANG_WARN_DIRECT_OBJC_ISA_USAGE = YES_ERROR;
				CLANG_WARN_DOCUMENTATION_COMMENTS = YES;
				CLANG_WARN_EMPTY_BODY = YES;
				CLANG_WARN_ENUM_CONVERSION = YES;
				CLANG_WARN_INFINITE_RECURSION = YES;
				CLANG_WARN_INT_CONVERSION = YES;
				CLANG_WARN_NON_LITERAL_NULL_CONVERSION = YES;
				CLANG_WARN_OBJC_IMPLICIT_RETAIN_SELF = YES;
				CLANG_WARN_OBJC_LITERAL_CONVERSION = YES;
				CLANG_WARN_OBJC_ROOT_CLASS = YES_ERROR;
				CLANG_WARN_RANGE_LOOP_ANALYSIS = YES;
				CLANG_WARN_STRICT_PROTOTYPES = YES;
				CLANG_WARN_SUSPICIOUS_MOVE = YES;
				CLANG_WARN_UNGUARDED_AVAILABILITY = YES_AGGRESSIVE;
				CLANG_WARN_UNREACHABLE_CODE = YES;
				CLANG_WARN__DUPLICATE_METHOD_MATCH = YES;
				COPY_PHASE_STRIP = NO;
				DEBUG_INFORMATION_FORMAT = "dwarf-with-dsym";
				ENABLE_NS_ASSERTIONS = NO;
				ENABLE_STRICT_OBJC_MSGSEND = YES;
				GCC_C_LANGUAGE_STANDARD = gnu11;
				GCC_NO_COMMON_BLOCKS = YES;
				GCC_WARN_64_TO_32_BIT_CONVERSION = YES;
				GCC_WARN_ABOUT_RETURN_TYPE = YES_ERROR;
				GCC_WARN_UNDECLARED_SELECTOR = YES;
				GCC_WARN_UNINITIALIZED_AUTOS = YES_AGGRESSIVE;
				GCC_WARN_UNUSED_FUNCTION = YES;
				GCC_WARN_UNUSED_VARIABLE = YES;
				IPHONEOS_DEPLOYMENT_TARGET = 13.2;
				MTL_ENABLE_DEBUG_INFO = NO;
				MTL_FAST_MATH = YES;
				SDKROOT = iphoneos;
				SWIFT_COMPILATION_MODE = wholemodule;
				SWIFT_OPTIMIZATION_LEVEL = "-O";
				VALIDATE_PRODUCT = YES;
			};
			name = Release;
		};
		CF47368523F24F9200AA04E4 /* Debug */ = {
			isa = XCBuildConfiguration;
			buildSettings = {
				ASSETCATALOG_COMPILER_APPICON_NAME = AppIcon;
				CODE_SIGN_STYLE = Automatic;
				DEVELOPMENT_TEAM = TNSM43P2F3;
				INFOPLIST_FILE = PlatziFinanzas/Base/Info.plist;
				IPHONEOS_DEPLOYMENT_TARGET = 13.0;
				LD_RUNPATH_SEARCH_PATHS = (
					"$(inherited)",
					"@executable_path/Frameworks",
				);
				PRODUCT_BUNDLE_IDENTIFIER = com.javiercueto.PlatziFinanzas;
				PRODUCT_NAME = "$(TARGET_NAME)";
				SWIFT_VERSION = 5.0;
				TARGETED_DEVICE_FAMILY = 1;
			};
			name = Debug;
		};
		CF47368623F24F9200AA04E4 /* Release */ = {
			isa = XCBuildConfiguration;
			buildSettings = {
				ASSETCATALOG_COMPILER_APPICON_NAME = AppIcon;
				CODE_SIGN_STYLE = Automatic;
				DEVELOPMENT_TEAM = TNSM43P2F3;
				INFOPLIST_FILE = PlatziFinanzas/Base/Info.plist;
				IPHONEOS_DEPLOYMENT_TARGET = 13.0;
				LD_RUNPATH_SEARCH_PATHS = (
					"$(inherited)",
					"@executable_path/Frameworks",
				);
				PRODUCT_BUNDLE_IDENTIFIER = com.javiercueto.PlatziFinanzas;
				PRODUCT_NAME = "$(TARGET_NAME)";
				SWIFT_VERSION = 5.0;
				TARGETED_DEVICE_FAMILY = 1;
			};
			name = Release;
		};
		CF47369223F2541D00AA04E4 /* Debug */ = {
			isa = XCBuildConfiguration;
			buildSettings = {
				ASSETCATALOG_COMPILER_APPICON_NAME = AppIcon;
				CODE_SIGN_STYLE = Automatic;
				DEVELOPMENT_TEAM = TNSM43P2F3;
				INFOPLIST_FILE = "PlatziFinanzas copy-Info.plist";
				IPHONEOS_DEPLOYMENT_TARGET = 13.0;
				LD_RUNPATH_SEARCH_PATHS = (
					"$(inherited)",
					"@executable_path/Frameworks",
				);
				PRODUCT_BUNDLE_IDENTIFIER = com.javiercueto.PlatziFinanzas;
				PRODUCT_NAME = "$(TARGET_NAME)";
				SWIFT_VERSION = 5.0;
				TARGETED_DEVICE_FAMILY = 1;
			};
			name = Debug;
		};
		CF47369323F2541D00AA04E4 /* Release */ = {
			isa = XCBuildConfiguration;
			buildSettings = {
				ASSETCATALOG_COMPILER_APPICON_NAME = AppIcon;
				CODE_SIGN_STYLE = Automatic;
				DEVELOPMENT_TEAM = TNSM43P2F3;
				INFOPLIST_FILE = "PlatziFinanzas copy-Info.plist";
				IPHONEOS_DEPLOYMENT_TARGET = 13.0;
				LD_RUNPATH_SEARCH_PATHS = (
					"$(inherited)",
					"@executable_path/Frameworks",
				);
				PRODUCT_BUNDLE_IDENTIFIER = com.javiercueto.PlatziFinanzas;
				PRODUCT_NAME = "$(TARGET_NAME)";
				SWIFT_VERSION = 5.0;
				TARGETED_DEVICE_FAMILY = 1;
			};
			name = Release;
		};
/* End XCBuildConfiguration section */

/* Begin XCConfigurationList section */
		CF47366B23F24F9000AA04E4 /* Build configuration list for PBXProject "PlatziFinanzas" */ = {
			isa = XCConfigurationList;
			buildConfigurations = (
				CF47368223F24F9200AA04E4 /* Debug */,
				CF47368323F24F9200AA04E4 /* Release */,
			);
			defaultConfigurationIsVisible = 0;
			defaultConfigurationName = Release;
		};
		CF47368423F24F9200AA04E4 /* Build configuration list for PBXNativeTarget "PlatziFinanzas" */ = {
			isa = XCConfigurationList;
			buildConfigurations = (
				CF47368523F24F9200AA04E4 /* Debug */,
				CF47368623F24F9200AA04E4 /* Release */,
			);
			defaultConfigurationIsVisible = 0;
			defaultConfigurationName = Release;
		};
		CF47369123F2541D00AA04E4 /* Build configuration list for PBXNativeTarget "Production" */ = {
			isa = XCConfigurationList;
			buildConfigurations = (
				CF47369223F2541D00AA04E4 /* Debug */,
				CF47369323F2541D00AA04E4 /* Release */,
			);
			defaultConfigurationIsVisible = 0;
			defaultConfigurationName = Release;
		};
/* End XCConfigurationList section */
	};
	rootObject = CF47366823F24F9000AA04E4 /* Project object */;
}
